
Microsoft Visual Studio Solution File, Format Version 12.00
# Visual Studio Version 16
VisualStudioVersion = 16.0.31112.23
MinimumVisualStudioVersion = 10.0.40219.1
Project("{9A19103F-16F7-4668-BE54-9A1E7A4F7556}") = "Entities", "Entities\Entities.csproj", "{C563D4B4-5EA7-4535-9E90-997B374A06DB}"
EndProject
Project("{9A19103F-16F7-4668-BE54-9A1E7A4F7556}") = "DataLayer", "DataLayer\DataLayer.csproj", "{9973A35A-92AC-4633-9E3D-E5271C803F67}"
EndProject
Project("{9A19103F-16F7-4668-BE54-9A1E7A4F7556}") = "BusinessLayer", "BusinessLayer\BusinessLayer.csproj", "{FD7B7A08-78FE-404D-A515-402EF6703363}"
EndProject
Project("{9A19103F-16F7-4668-BE54-9A1E7A4F7556}") = "PresentationLayer", "PresentationLayer\PresentationLayer.csproj", "{35E5EBA6-5EAA-41B2-8A67-72ABA5FF1715}"
EndProject
Global
	GlobalSection(SolutionConfigurationPlatforms) = preSolution
		Debug|Any CPU = Debug|Any CPU
		Release|Any CPU = Release|Any CPU
	EndGlobalSection
	GlobalSection(ProjectConfigurationPlatforms) = postSolution
		{C563D4B4-5EA7-4535-9E90-997B374A06DB}.Debug|Any CPU.ActiveCfg = Debug|Any CPU
		{C563D4B4-5EA7-4535-9E90-997B374A06DB}.Debug|Any CPU.Build.0 = Debug|Any CPU
		{C563D4B4-5EA7-4535-9E90-997B374A06DB}.Release|Any CPU.ActiveCfg = Release|Any CPU
		{C563D4B4-5EA7-4535-9E90-997B374A06DB}.Release|Any CPU.Build.0 = Release|Any CPU
		{9973A35A-92AC-4633-9E3D-E5271C803F67}.Debug|Any CPU.ActiveCfg = Debug|Any CPU
		{9973A35A-92AC-4633-9E3D-E5271C803F67}.Debug|Any CPU.Build.0 = Debug|Any CPU
		{9973A35A-92AC-4633-9E3D-E5271C803F67}.Release|Any CPU.ActiveCfg = Release|Any CPU
		{9973A35A-92AC-4633-9E3D-E5271C803F67}.Release|Any CPU.Build.0 = Release|Any CPU
		{FD7B7A08-78FE-404D-A515-402EF6703363}.Debug|Any CPU.ActiveCfg = Debug|Any CPU
		{FD7B7A08-78FE-404D-A515-402EF6703363}.Debug|Any CPU.Build.0 = Debug|Any CPU
		{FD7B7A08-78FE-404D-A515-402EF6703363}.Release|Any CPU.ActiveCfg = Release|Any CPU
		{FD7B7A08-78FE-404D-A515-402EF6703363}.Release|Any CPU.Build.0 = Release|Any CPU
		{35E5EBA6-5EAA-41B2-8A67-72ABA5FF1715}.Debug|Any CPU.ActiveCfg = Debug|Any CPU
		{35E5EBA6-5EAA-41B2-8A67-72ABA5FF1715}.Debug|Any CPU.Build.0 = Debug|Any CPU
		{35E5EBA6-5EAA-41B2-8A67-72ABA5FF1715}.Release|Any CPU.ActiveCfg = Release|Any CPU
		{35E5EBA6-5EAA-41B2-8A67-72ABA5FF1715}.Release|Any CPU.Build.0 = Release|Any CPU
	EndGlobalSection
	GlobalSection(SolutionProperties) = preSolution
		HideSolutionNode = FALSE
	EndGlobalSection
	GlobalSection(ExtensibilityGlobals) = postSolution
		SolutionGuid = {4139DFE6-3A57-402D-84EB-F6A6B836E9CB}
	EndGlobalSection
EndGlobal
